
Microsoft Visual Studio Solution File, Format Version 12.00
# Visual Studio Version 17
VisualStudioVersion = 17.1.32228.430
MinimumVisualStudioVersion = 10.0.40219.1
Project("{FAE04EC0-301F-11D3-BF4B-00C04F79EFBC}") = "APITutorial", "APITutorial\APITutorial.csproj", "{312C9A48-C7C6-4139-A71D-2A662BD4E146}"
EndProject
Global
	GlobalSection(SolutionConfigurationPlatforms) = preSolution
		Debug|Any CPU = Debug|Any CPU
		Release|Any CPU = Release|Any CPU
	EndGlobalSection
	GlobalSection(ProjectConfigurationPlatforms) = postSolution
		{312C9A48-C7C6-4139-A71D-2A662BD4E146}.Debug|Any CPU.ActiveCfg = Debug|Any CPU
		{312C9A48-C7C6-4139-A71D-2A662BD4E146}.Debug|Any CPU.Build.0 = Debug|Any CPU
		{312C9A48-C7C6-4139-A71D-2A662BD4E146}.Release|Any CPU.ActiveCfg = Release|Any CPU
		{312C9A48-C7C6-4139-A71D-2A662BD4E146}.Release|Any CPU.Build.0 = Release|Any CPU
	EndGlobalSection
	GlobalSection(SolutionProperties) = preSolution
		HideSolutionNode = FALSE
	EndGlobalSection
	GlobalSection(ExtensibilityGlobals) = postSolution
		SolutionGuid = {24796E69-30C9-44F8-88B9-32D6A684F296}
	EndGlobalSection
EndGlobal
